
Microsoft Visual Studio Solution File, Format Version 12.00
# Visual Studio Version 17
VisualStudioVersion = 17.2.32616.157
MinimumVisualStudioVersion = 10.0.40219.1
Project("{FAE04EC0-301F-11D3-BF4B-00C04F79EFBC}") = "LeetCode2", "LeetCode2\LeetCode2.csproj", "{A62F7118-0DF4-4946-90BF-EB561CC90261}"
EndProject
Global
	GlobalSection(SolutionConfigurationPlatforms) = preSolution
		Debug|Any CPU = Debug|Any CPU
		Release|Any CPU = Release|Any CPU
	EndGlobalSection
	GlobalSection(ProjectConfigurationPlatforms) = postSolution
		{A62F7118-0DF4-4946-90BF-EB561CC90261}.Debug|Any CPU.ActiveCfg = Debug|Any CPU
		{A62F7118-0DF4-4946-90BF-EB561CC90261}.Debug|Any CPU.Build.0 = Debug|Any CPU
		{A62F7118-0DF4-4946-90BF-EB561CC90261}.Release|Any CPU.ActiveCfg = Release|Any CPU
		{A62F7118-0DF4-4946-90BF-EB561CC90261}.Release|Any CPU.Build.0 = Release|Any CPU
	EndGlobalSection
	GlobalSection(SolutionProperties) = preSolution
		HideSolutionNode = FALSE
	EndGlobalSection
	GlobalSection(ExtensibilityGlobals) = postSolution
		SolutionGuid = {7F758B92-0802-427B-80BD-0EA508C68FA5}
	EndGlobalSection
EndGlobal
